// !$*UTF8*$!
{
	archiveVersion = 1;
	classes = {
	};
	objectVersion = 56;
	objects = {

/* Begin PBXBuildFile section */
		E1819F5329DF8C69001177C5 /* WeatherViewModelTests.swift in Sources */ = {isa = PBXBuildFile; fileRef = E1819F5229DF8C69001177C5 /* WeatherViewModelTests.swift */; };
		E1819F5629DF8DD6001177C5 /* SDWebImage in Frameworks */ = {isa = PBXBuildFile; productRef = E1819F5529DF8DD6001177C5 /* SDWebImage */; };
		E1AC673729DF9A91000CA155 /* WeatherResponse.json in Sources */ = {isa = PBXBuildFile; fileRef = E1AC673629DF96E3000CA155 /* WeatherResponse.json */; };
		E1AC673829DF9AC1000CA155 /* WeatherResponse.json in Sources */ = {isa = PBXBuildFile; fileRef = E1AC673629DF96E3000CA155 /* WeatherResponse.json */; };
		E1AC673929DF9B52000CA155 /* WeatherResponse.json in Resources */ = {isa = PBXBuildFile; fileRef = E1AC673629DF96E3000CA155 /* WeatherResponse.json */; };
		E1D3149629D62EBC006DA01A /* AppDelegate.swift in Sources */ = {isa = PBXBuildFile; fileRef = E1D3149529D62EBC006DA01A /* AppDelegate.swift */; };
		E1D3149829D62EBC006DA01A /* SceneDelegate.swift in Sources */ = {isa = PBXBuildFile; fileRef = E1D3149729D62EBC006DA01A /* SceneDelegate.swift */; };
		E1D3149A29D62EBC006DA01A /* WeatherViewController.swift in Sources */ = {isa = PBXBuildFile; fileRef = E1D3149929D62EBC006DA01A /* WeatherViewController.swift */; };
		E1D3149D29D62EBC006DA01A /* Main.storyboard in Resources */ = {isa = PBXBuildFile; fileRef = E1D3149B29D62EBC006DA01A /* Main.storyboard */; };
		E1D3149F29D62EBC006DA01A /* Assets.xcassets in Resources */ = {isa = PBXBuildFile; fileRef = E1D3149E29D62EBC006DA01A /* Assets.xcassets */; };
		E1D314A229D62EBC006DA01A /* LaunchScreen.storyboard in Resources */ = {isa = PBXBuildFile; fileRef = E1D314A029D62EBC006DA01A /* LaunchScreen.storyboard */; };
		E1D314AD29D62EBC006DA01A /* WeatherAppTests.swift in Sources */ = {isa = PBXBuildFile; fileRef = E1D314AC29D62EBC006DA01A /* WeatherAppTests.swift */; };
		E1D314B729D62EBC006DA01A /* WeatherAppUITests.swift in Sources */ = {isa = PBXBuildFile; fileRef = E1D314B629D62EBC006DA01A /* WeatherAppUITests.swift */; };
		E1D314B929D62EBC006DA01A /* WeatherAppUITestsLaunchTests.swift in Sources */ = {isa = PBXBuildFile; fileRef = E1D314B829D62EBC006DA01A /* WeatherAppUITestsLaunchTests.swift */; };
		E1D314C829D63576006DA01A /* Constants.swift in Sources */ = {isa = PBXBuildFile; fileRef = E1D314C729D63576006DA01A /* Constants.swift */; };
		E1D314CA29D635E2006DA01A /* NetworkService.swift in Sources */ = {isa = PBXBuildFile; fileRef = E1D314C929D635E2006DA01A /* NetworkService.swift */; };
		E1D314CC29D649BA006DA01A /* ApiHandler.swift in Sources */ = {isa = PBXBuildFile; fileRef = E1D314CB29D649BA006DA01A /* ApiHandler.swift */; };
		E1D314CE29D649E9006DA01A /* MockApiHandler.swift in Sources */ = {isa = PBXBuildFile; fileRef = E1D314CD29D649E9006DA01A /* MockApiHandler.swift */; };
		E1D314D029D64A10006DA01A /* ResponseHandler.swift in Sources */ = {isa = PBXBuildFile; fileRef = E1D314CF29D64A10006DA01A /* ResponseHandler.swift */; };
		E1D314D329D64E1C006DA01A /* WeatherService.swift in Sources */ = {isa = PBXBuildFile; fileRef = E1D314D229D64E1C006DA01A /* WeatherService.swift */; };
		E1D314D529D6573B006DA01A /* WeatherModel.swift in Sources */ = {isa = PBXBuildFile; fileRef = E1D314D429D6573B006DA01A /* WeatherModel.swift */; };
		E1D314D729DCCB06006DA01A /* WeatherQueryComponents.swift in Sources */ = {isa = PBXBuildFile; fileRef = E1D314D629DCCB06006DA01A /* WeatherQueryComponents.swift */; };
		E1D314DA29DDF062006DA01A /* PlaceSearchTableVC.swift in Sources */ = {isa = PBXBuildFile; fileRef = E1D314D929DDF062006DA01A /* PlaceSearchTableVC.swift */; };
		E1D314DC29DE12D7006DA01A /* PlaceSearchViewModel.swift in Sources */ = {isa = PBXBuildFile; fileRef = E1D314DB29DE12D7006DA01A /* PlaceSearchViewModel.swift */; };
		E1D314DF29DE194E006DA01A /* WeatherViewModel.swift in Sources */ = {isa = PBXBuildFile; fileRef = E1D314DE29DE194E006DA01A /* WeatherViewModel.swift */; };
		E1D314E229DE4175006DA01A /* SDWebImage in Frameworks */ = {isa = PBXBuildFile; productRef = E1D314E129DE4175006DA01A /* SDWebImage */; };
		E1D314E429DF5957006DA01A /* WeatherReport.swift in Sources */ = {isa = PBXBuildFile; fileRef = E1D314E329DF5957006DA01A /* WeatherReport.swift */; };
/* End PBXBuildFile section */

/* Begin PBXContainerItemProxy section */
		E1D314A929D62EBC006DA01A /* PBXContainerItemProxy */ = {
			isa = PBXContainerItemProxy;
			containerPortal = E1D3148A29D62EBC006DA01A /* Project object */;
			proxyType = 1;
			remoteGlobalIDString = E1D3149129D62EBC006DA01A;
			remoteInfo = WeatherApp;
		};
		E1D314B329D62EBC006DA01A /* PBXContainerItemProxy */ = {
			isa = PBXContainerItemProxy;
			containerPortal = E1D3148A29D62EBC006DA01A /* Project object */;
			proxyType = 1;
			remoteGlobalIDString = E1D3149129D62EBC006DA01A;
			remoteInfo = WeatherApp;
		};
/* End PBXContainerItemProxy section */

/* Begin PBXFileReference section */
		E1819F5229DF8C69001177C5 /* WeatherViewModelTests.swift */ = {isa = PBXFileReference; lastKnownFileType = sourcecode.swift; path = WeatherViewModelTests.swift; sourceTree = "<group>"; };
		E1AC673629DF96E3000CA155 /* WeatherResponse.json */ = {isa = PBXFileReference; lastKnownFileType = text.json; path = WeatherResponse.json; sourceTree = "<group>"; };
		E1D3149229D62EBC006DA01A /* WeatherApp.app */ = {isa = PBXFileReference; explicitFileType = wrapper.application; includeInIndex = 0; path = WeatherApp.app; sourceTree = BUILT_PRODUCTS_DIR; };
		E1D3149529D62EBC006DA01A /* AppDelegate.swift */ = {isa = PBXFileReference; lastKnownFileType = sourcecode.swift; path = AppDelegate.swift; sourceTree = "<group>"; };
		E1D3149729D62EBC006DA01A /* SceneDelegate.swift */ = {isa = PBXFileReference; lastKnownFileType = sourcecode.swift; path = SceneDelegate.swift; sourceTree = "<group>"; };
		E1D3149929D62EBC006DA01A /* WeatherViewController.swift */ = {isa = PBXFileReference; lastKnownFileType = sourcecode.swift; path = WeatherViewController.swift; sourceTree = "<group>"; };
		E1D3149C29D62EBC006DA01A /* Base */ = {isa = PBXFileReference; lastKnownFileType = file.storyboard; name = Base; path = Base.lproj/Main.storyboard; sourceTree = "<group>"; };
		E1D3149E29D62EBC006DA01A /* Assets.xcassets */ = {isa = PBXFileReference; lastKnownFileType = folder.assetcatalog; path = Assets.xcassets; sourceTree = "<group>"; };
		E1D314A129D62EBC006DA01A /* Base */ = {isa = PBXFileReference; lastKnownFileType = file.storyboard; name = Base; path = Base.lproj/LaunchScreen.storyboard; sourceTree = "<group>"; };
		E1D314A329D62EBC006DA01A /* Info.plist */ = {isa = PBXFileReference; lastKnownFileType = text.plist.xml; path = Info.plist; sourceTree = "<group>"; };
		E1D314A829D62EBC006DA01A /* WeatherAppTests.xctest */ = {isa = PBXFileReference; explicitFileType = wrapper.cfbundle; includeInIndex = 0; path = WeatherAppTests.xctest; sourceTree = BUILT_PRODUCTS_DIR; };
		E1D314AC29D62EBC006DA01A /* WeatherAppTests.swift */ = {isa = PBXFileReference; lastKnownFileType = sourcecode.swift; path = WeatherAppTests.swift; sourceTree = "<group>"; };
		E1D314B229D62EBC006DA01A /* WeatherAppUITests.xctest */ = {isa = PBXFileReference; explicitFileType = wrapper.cfbundle; includeInIndex = 0; path = WeatherAppUITests.xctest; sourceTree = BUILT_PRODUCTS_DIR; };
		E1D314B629D62EBC006DA01A /* WeatherAppUITests.swift */ = {isa = PBXFileReference; lastKnownFileType = sourcecode.swift; path = WeatherAppUITests.swift; sourceTree = "<group>"; };
		E1D314B829D62EBC006DA01A /* WeatherAppUITestsLaunchTests.swift */ = {isa = PBXFileReference; lastKnownFileType = sourcecode.swift; path = WeatherAppUITestsLaunchTests.swift; sourceTree = "<group>"; };
		E1D314C729D63576006DA01A /* Constants.swift */ = {isa = PBXFileReference; lastKnownFileType = sourcecode.swift; path = Constants.swift; sourceTree = "<group>"; };
		E1D314C929D635E2006DA01A /* NetworkService.swift */ = {isa = PBXFileReference; lastKnownFileType = sourcecode.swift; path = NetworkService.swift; sourceTree = "<group>"; };
		E1D314CB29D649BA006DA01A /* ApiHandler.swift */ = {isa = PBXFileReference; lastKnownFileType = sourcecode.swift; path = ApiHandler.swift; sourceTree = "<group>"; };
		E1D314CD29D649E9006DA01A /* MockApiHandler.swift */ = {isa = PBXFileReference; lastKnownFileType = sourcecode.swift; path = MockApiHandler.swift; sourceTree = "<group>"; };
		E1D314CF29D64A10006DA01A /* ResponseHandler.swift */ = {isa = PBXFileReference; lastKnownFileType = sourcecode.swift; path = ResponseHandler.swift; sourceTree = "<group>"; };
		E1D314D229D64E1C006DA01A /* WeatherService.swift */ = {isa = PBXFileReference; lastKnownFileType = sourcecode.swift; path = WeatherService.swift; sourceTree = "<group>"; };
		E1D314D429D6573B006DA01A /* WeatherModel.swift */ = {isa = PBXFileReference; lastKnownFileType = sourcecode.swift; path = WeatherModel.swift; sourceTree = "<group>"; };
		E1D314D629DCCB06006DA01A /* WeatherQueryComponents.swift */ = {isa = PBXFileReference; lastKnownFileType = sourcecode.swift; path = WeatherQueryComponents.swift; sourceTree = "<group>"; };
		E1D314D929DDF062006DA01A /* PlaceSearchTableVC.swift */ = {isa = PBXFileReference; lastKnownFileType = sourcecode.swift; path = PlaceSearchTableVC.swift; sourceTree = "<group>"; };
		E1D314DB29DE12D7006DA01A /* PlaceSearchViewModel.swift */ = {isa = PBXFileReference; lastKnownFileType = sourcecode.swift; path = PlaceSearchViewModel.swift; sourceTree = "<group>"; };
		E1D314DE29DE194E006DA01A /* WeatherViewModel.swift */ = {isa = PBXFileReference; lastKnownFileType = sourcecode.swift; path = WeatherViewModel.swift; sourceTree = "<group>"; };
		E1D314E329DF5957006DA01A /* WeatherReport.swift */ = {isa = PBXFileReference; lastKnownFileType = sourcecode.swift; path = WeatherReport.swift; sourceTree = "<group>"; };
/* End PBXFileReference section */

/* Begin PBXFrameworksBuildPhase section */
		E1D3148F29D62EBC006DA01A /* Frameworks */ = {
			isa = PBXFrameworksBuildPhase;
			buildActionMask = 2147483647;
			files = (
				E1D314E229DE4175006DA01A /* SDWebImage in Frameworks */,
			);
			runOnlyForDeploymentPostprocessing = 0;
		};
		E1D314A529D62EBC006DA01A /* Frameworks */ = {
			isa = PBXFrameworksBuildPhase;
			buildActionMask = 2147483647;
			files = (
				E1819F5629DF8DD6001177C5 /* SDWebImage in Frameworks */,
			);
			runOnlyForDeploymentPostprocessing = 0;
		};
		E1D314AF29D62EBC006DA01A /* Frameworks */ = {
			isa = PBXFrameworksBuildPhase;
			buildActionMask = 2147483647;
			files = (
			);
			runOnlyForDeploymentPostprocessing = 0;
		};
/* End PBXFrameworksBuildPhase section */

/* Begin PBXGroup section */
		E1819F5429DF8DD6001177C5 /* Frameworks */ = {
			isa = PBXGroup;
			children = (
			);
			name = Frameworks;
			sourceTree = "<group>";
		};
		E1D3148929D62EBC006DA01A = {
			isa = PBXGroup;
			children = (
				E1D3149429D62EBC006DA01A /* WeatherApp */,
				E1D314AB29D62EBC006DA01A /* WeatherAppTests */,
				E1D314B529D62EBC006DA01A /* WeatherAppUITests */,
				E1D3149329D62EBC006DA01A /* Products */,
				E1819F5429DF8DD6001177C5 /* Frameworks */,
			);
			sourceTree = "<group>";
		};
		E1D3149329D62EBC006DA01A /* Products */ = {
			isa = PBXGroup;
			children = (
				E1D3149229D62EBC006DA01A /* WeatherApp.app */,
				E1D314A829D62EBC006DA01A /* WeatherAppTests.xctest */,
				E1D314B229D62EBC006DA01A /* WeatherAppUITests.xctest */,
			);
			name = Products;
			sourceTree = "<group>";
		};
		E1D3149429D62EBC006DA01A /* WeatherApp */ = {
			isa = PBXGroup;
			children = (
				E1D314DD29DE1910006DA01A /* WeatherScreen */,
				E1D314D829DDF01C006DA01A /* PlaceSearch */,
				E1D314D129D64CEF006DA01A /* WeatherService */,
				E1D314C629D6353E006DA01A /* Network */,
				E1D3149529D62EBC006DA01A /* AppDelegate.swift */,
				E1D3149729D62EBC006DA01A /* SceneDelegate.swift */,
				E1D314C729D63576006DA01A /* Constants.swift */,
				E1D3149B29D62EBC006DA01A /* Main.storyboard */,
				E1D3149E29D62EBC006DA01A /* Assets.xcassets */,
				E1D314A029D62EBC006DA01A /* LaunchScreen.storyboard */,
				E1D314A329D62EBC006DA01A /* Info.plist */,
			);
			path = WeatherApp;
			sourceTree = "<group>";
		};
		E1D314AB29D62EBC006DA01A /* WeatherAppTests */ = {
			isa = PBXGroup;
			children = (
				E1D314AC29D62EBC006DA01A /* WeatherAppTests.swift */,
				E1819F5229DF8C69001177C5 /* WeatherViewModelTests.swift */,
			);
			path = WeatherAppTests;
			sourceTree = "<group>";
		};
		E1D314B529D62EBC006DA01A /* WeatherAppUITests */ = {
			isa = PBXGroup;
			children = (
				E1D314B629D62EBC006DA01A /* WeatherAppUITests.swift */,
				E1D314B829D62EBC006DA01A /* WeatherAppUITestsLaunchTests.swift */,
			);
			path = WeatherAppUITests;
			sourceTree = "<group>";
		};
		E1D314C629D6353E006DA01A /* Network */ = {
			isa = PBXGroup;
			children = (
				E1D314C929D635E2006DA01A /* NetworkService.swift */,
				E1D314CF29D64A10006DA01A /* ResponseHandler.swift */,
				E1D314CD29D649E9006DA01A /* MockApiHandler.swift */,
				E1D314CB29D649BA006DA01A /* ApiHandler.swift */,
			);
			path = Network;
			sourceTree = "<group>";
		};
		E1D314D129D64CEF006DA01A /* WeatherService */ = {
			isa = PBXGroup;
			children = (
				E1D314D429D6573B006DA01A /* WeatherModel.swift */,
				E1D314D229D64E1C006DA01A /* WeatherService.swift */,
				E1D314D629DCCB06006DA01A /* WeatherQueryComponents.swift */,
				E1AC673629DF96E3000CA155 /* WeatherResponse.json */,
			);
			path = WeatherService;
			sourceTree = "<group>";
		};
		E1D314D829DDF01C006DA01A /* PlaceSearch */ = {
			isa = PBXGroup;
			children = (
				E1D314D929DDF062006DA01A /* PlaceSearchTableVC.swift */,
				E1D314DB29DE12D7006DA01A /* PlaceSearchViewModel.swift */,
			);
			path = PlaceSearch;
			sourceTree = "<group>";
		};
		E1D314DD29DE1910006DA01A /* WeatherScreen */ = {
			isa = PBXGroup;
			children = (
				E1D3149929D62EBC006DA01A /* WeatherViewController.swift */,
				E1D314E329DF5957006DA01A /* WeatherReport.swift */,
				E1D314DE29DE194E006DA01A /* WeatherViewModel.swift */,
			);
			path = WeatherScreen;
			sourceTree = "<group>";
		};
/* End PBXGroup section */

/* Begin PBXNativeTarget section */
		E1D3149129D62EBC006DA01A /* WeatherApp */ = {
			isa = PBXNativeTarget;
			buildConfigurationList = E1D314BC29D62EBC006DA01A /* Build configuration list for PBXNativeTarget "WeatherApp" */;
			buildPhases = (
				E1D3148E29D62EBC006DA01A /* Sources */,
				E1D3148F29D62EBC006DA01A /* Frameworks */,
				E1D3149029D62EBC006DA01A /* Resources */,
				E1D314C529D631CC006DA01A /* SwiftFormat */,
			);
			buildRules = (
			);
			dependencies = (
			);
			name = WeatherApp;
			packageProductDependencies = (
				E1D314E129DE4175006DA01A /* SDWebImage */,
			);
			productName = WeatherApp;
			productReference = E1D3149229D62EBC006DA01A /* WeatherApp.app */;
			productType = "com.apple.product-type.application";
		};
		E1D314A729D62EBC006DA01A /* WeatherAppTests */ = {
			isa = PBXNativeTarget;
			buildConfigurationList = E1D314BF29D62EBC006DA01A /* Build configuration list for PBXNativeTarget "WeatherAppTests" */;
			buildPhases = (
				E1D314A429D62EBC006DA01A /* Sources */,
				E1D314A529D62EBC006DA01A /* Frameworks */,
				E1D314A629D62EBC006DA01A /* Resources */,
			);
			buildRules = (
			);
			dependencies = (
				E1D314AA29D62EBC006DA01A /* PBXTargetDependency */,
			);
			name = WeatherAppTests;
			packageProductDependencies = (
				E1819F5529DF8DD6001177C5 /* SDWebImage */,
			);
			productName = WeatherAppTests;
			productReference = E1D314A829D62EBC006DA01A /* WeatherAppTests.xctest */;
			productType = "com.apple.product-type.bundle.unit-test";
		};
		E1D314B129D62EBC006DA01A /* WeatherAppUITests */ = {
			isa = PBXNativeTarget;
			buildConfigurationList = E1D314C229D62EBC006DA01A /* Build configuration list for PBXNativeTarget "WeatherAppUITests" */;
			buildPhases = (
				E1D314AE29D62EBC006DA01A /* Sources */,
				E1D314AF29D62EBC006DA01A /* Frameworks */,
				E1D314B029D62EBC006DA01A /* Resources */,
			);
			buildRules = (
			);
			dependencies = (
				E1D314B429D62EBC006DA01A /* PBXTargetDependency */,
			);
			name = WeatherAppUITests;
			productName = WeatherAppUITests;
			productReference = E1D314B229D62EBC006DA01A /* WeatherAppUITests.xctest */;
			productType = "com.apple.product-type.bundle.ui-testing";
		};
/* End PBXNativeTarget section */

/* Begin PBXProject section */
		E1D3148A29D62EBC006DA01A /* Project object */ = {
			isa = PBXProject;
			attributes = {
				BuildIndependentTargetsInParallel = 1;
				LastSwiftUpdateCheck = 1420;
				LastUpgradeCheck = 1420;
				TargetAttributes = {
					E1D3149129D62EBC006DA01A = {
						CreatedOnToolsVersion = 14.2;
					};
					E1D314A729D62EBC006DA01A = {
						CreatedOnToolsVersion = 14.2;
						TestTargetID = E1D3149129D62EBC006DA01A;
					};
					E1D314B129D62EBC006DA01A = {
						CreatedOnToolsVersion = 14.2;
						TestTargetID = E1D3149129D62EBC006DA01A;
					};
				};
			};
			buildConfigurationList = E1D3148D29D62EBC006DA01A /* Build configuration list for PBXProject "WeatherApp" */;
			compatibilityVersion = "Xcode 14.0";
			developmentRegion = en;
			hasScannedForEncodings = 0;
			knownRegions = (
				en,
				Base,
			);
			mainGroup = E1D3148929D62EBC006DA01A;
			packageReferences = (
				E1D314E029DE4175006DA01A /* XCRemoteSwiftPackageReference "SDWebImage" */,
			);
			productRefGroup = E1D3149329D62EBC006DA01A /* Products */;
			projectDirPath = "";
			projectRoot = "";
			targets = (
				E1D3149129D62EBC006DA01A /* WeatherApp */,
				E1D314A729D62EBC006DA01A /* WeatherAppTests */,
				E1D314B129D62EBC006DA01A /* WeatherAppUITests */,
			);
		};
/* End PBXProject section */

/* Begin PBXResourcesBuildPhase section */
		E1D3149029D62EBC006DA01A /* Resources */ = {
			isa = PBXResourcesBuildPhase;
			buildActionMask = 2147483647;
			files = (
				E1AC673929DF9B52000CA155 /* WeatherResponse.json in Resources */,
				E1D314A229D62EBC006DA01A /* LaunchScreen.storyboard in Resources */,
				E1D3149F29D62EBC006DA01A /* Assets.xcassets in Resources */,
				E1D3149D29D62EBC006DA01A /* Main.storyboard in Resources */,
			);
			runOnlyForDeploymentPostprocessing = 0;
		};
		E1D314A629D62EBC006DA01A /* Resources */ = {
			isa = PBXResourcesBuildPhase;
			buildActionMask = 2147483647;
			files = (
			);
			runOnlyForDeploymentPostprocessing = 0;
		};
		E1D314B029D62EBC006DA01A /* Resources */ = {
			isa = PBXResourcesBuildPhase;
			buildActionMask = 2147483647;
			files = (
			);
			runOnlyForDeploymentPostprocessing = 0;
		};
/* End PBXResourcesBuildPhase section */

/* Begin PBXShellScriptBuildPhase section */
		E1D314C529D631CC006DA01A /* SwiftFormat */ = {
			isa = PBXShellScriptBuildPhase;
			buildActionMask = 2147483647;
			files = (
			);
			inputFileListPaths = (
			);
			inputPaths = (
			);
			name = SwiftFormat;
			outputFileListPaths = (
			);
			outputPaths = (
			);
			runOnlyForDeploymentPostprocessing = 0;
			shellPath = /bin/sh;
			shellScript = "export PATH=\"$PATH:/opt/homebrew/bin\"\nif which swiftformat >/dev/null; then\n  swiftformat .\nelse\n  echo \"warning: SwiftFormat not installed, download from https://github.com/nicklockwood/SwiftFormat\"\nfi\n";
		};
/* End PBXShellScriptBuildPhase section */

/* Begin PBXSourcesBuildPhase section */
		E1D3148E29D62EBC006DA01A /* Sources */ = {
			isa = PBXSourcesBuildPhase;
			buildActionMask = 2147483647;
			files = (
				E1AC673729DF9A91000CA155 /* WeatherResponse.json in Sources */,
				E1D314D729DCCB06006DA01A /* WeatherQueryComponents.swift in Sources */,
				E1D314CA29D635E2006DA01A /* NetworkService.swift in Sources */,
				E1D314D329D64E1C006DA01A /* WeatherService.swift in Sources */,
				E1D314DF29DE194E006DA01A /* WeatherViewModel.swift in Sources */,
				E1D314DA29DDF062006DA01A /* PlaceSearchTableVC.swift in Sources */,
				E1D314CC29D649BA006DA01A /* ApiHandler.swift in Sources */,
				E1D314DC29DE12D7006DA01A /* PlaceSearchViewModel.swift in Sources */,
				E1D314CE29D649E9006DA01A /* MockApiHandler.swift in Sources */,
				E1D3149A29D62EBC006DA01A /* WeatherViewController.swift in Sources */,
				E1D314D529D6573B006DA01A /* WeatherModel.swift in Sources */,
				E1D3149629D62EBC006DA01A /* AppDelegate.swift in Sources */,
				E1D314D029D64A10006DA01A /* ResponseHandler.swift in Sources */,
				E1D314E429DF5957006DA01A /* WeatherReport.swift in Sources */,
				E1D3149829D62EBC006DA01A /* SceneDelegate.swift in Sources */,
				E1D314C829D63576006DA01A /* Constants.swift in Sources */,
			);
			runOnlyForDeploymentPostprocessing = 0;
		};
		E1D314A429D62EBC006DA01A /* Sources */ = {
			isa = PBXSourcesBuildPhase;
			buildActionMask = 2147483647;
			files = (
				E1AC673829DF9AC1000CA155 /* WeatherResponse.json in Sources */,
				E1D314AD29D62EBC006DA01A /* WeatherAppTests.swift in Sources */,
				E1819F5329DF8C69001177C5 /* WeatherViewModelTests.swift in Sources */,
			);
			runOnlyForDeploymentPostprocessing = 0;
		};
		E1D314AE29D62EBC006DA01A /* Sources */ = {
			isa = PBXSourcesBuildPhase;
			buildActionMask = 2147483647;
			files = (
				E1D314B729D62EBC006DA01A /* WeatherAppUITests.swift in Sources */,
				E1D314B929D62EBC006DA01A /* WeatherAppUITestsLaunchTests.swift in Sources */,
			);
			runOnlyForDeploymentPostprocessing = 0;
		};
/* End PBXSourcesBuildPhase section */

/* Begin PBXTargetDependency section */
		E1D314AA29D62EBC006DA01A /* PBXTargetDependency */ = {
			isa = PBXTargetDependency;
			target = E1D3149129D62EBC006DA01A /* WeatherApp */;
			targetProxy = E1D314A929D62EBC006DA01A /* PBXContainerItemProxy */;
		};
		E1D314B429D62EBC006DA01A /* PBXTargetDependency */ = {
			isa = PBXTargetDependency;
			target = E1D3149129D62EBC006DA01A /* WeatherApp */;
			targetProxy = E1D314B329D62EBC006DA01A /* PBXContainerItemProxy */;
		};
/* End PBXTargetDependency section */

/* Begin PBXVariantGroup section */
		E1D3149B29D62EBC006DA01A /* Main.storyboard */ = {
			isa = PBXVariantGroup;
			children = (
				E1D3149C29D62EBC006DA01A /* Base */,
			);
			name = Main.storyboard;
			sourceTree = "<group>";
		};
		E1D314A029D62EBC006DA01A /* LaunchScreen.storyboard */ = {
			isa = PBXVariantGroup;
			children = (
				E1D314A129D62EBC006DA01A /* Base */,
			);
			name = LaunchScreen.storyboard;
			sourceTree = "<group>";
		};
/* End PBXVariantGroup section */

/* Begin XCBuildConfiguration section */
		E1D314BA29D62EBC006DA01A /* Debug */ = {
			isa = XCBuildConfiguration;
			buildSettings = {
				ALWAYS_SEARCH_USER_PATHS = NO;
				CLANG_ANALYZER_NONNULL = YES;
				CLANG_ANALYZER_NUMBER_OBJECT_CONVERSION = YES_AGGRESSIVE;
				CLANG_CXX_LANGUAGE_STANDARD = "gnu++20";
				CLANG_ENABLE_MODULES = YES;
				CLANG_ENABLE_OBJC_ARC = YES;
				CLANG_ENABLE_OBJC_WEAK = YES;
				CLANG_WARN_BLOCK_CAPTURE_AUTORELEASING = YES;
				CLANG_WARN_BOOL_CONVERSION = YES;
				CLANG_WARN_COMMA = YES;
				CLANG_WARN_CONSTANT_CONVERSION = YES;
				CLANG_WARN_DEPRECATED_OBJC_IMPLEMENTATIONS = YES;
				CLANG_WARN_DIRECT_OBJC_ISA_USAGE = YES_ERROR;
				CLANG_WARN_DOCUMENTATION_COMMENTS = YES;
				CLANG_WARN_EMPTY_BODY = YES;
				CLANG_WARN_ENUM_CONVERSION = YES;
				CLANG_WARN_INFINITE_RECURSION = YES;
				CLANG_WARN_INT_CONVERSION = YES;
				CLANG_WARN_NON_LITERAL_NULL_CONVERSION = YES;
				CLANG_WARN_OBJC_IMPLICIT_RETAIN_SELF = YES;
				CLANG_WARN_OBJC_LITERAL_CONVERSION = YES;
				CLANG_WARN_OBJC_ROOT_CLASS = YES_ERROR;
				CLANG_WARN_QUOTED_INCLUDE_IN_FRAMEWORK_HEADER = YES;
				CLANG_WARN_RANGE_LOOP_ANALYSIS = YES;
				CLANG_WARN_STRICT_PROTOTYPES = YES;
				CLANG_WARN_SUSPICIOUS_MOVE = YES;
				CLANG_WARN_UNGUARDED_AVAILABILITY = YES_AGGRESSIVE;
				CLANG_WARN_UNREACHABLE_CODE = YES;
				CLANG_WARN__DUPLICATE_METHOD_MATCH = YES;
				COPY_PHASE_STRIP = NO;
				DEBUG_INFORMATION_FORMAT = dwarf;
				ENABLE_STRICT_OBJC_MSGSEND = YES;
				ENABLE_TESTABILITY = YES;
				GCC_C_LANGUAGE_STANDARD = gnu11;
				GCC_DYNAMIC_NO_PIC = NO;
				GCC_NO_COMMON_BLOCKS = YES;
				GCC_OPTIMIZATION_LEVEL = 0;
				GCC_PREPROCESSOR_DEFINITIONS = (
					"DEBUG=1",
					"$(inherited)",
				);
				GCC_WARN_64_TO_32_BIT_CONVERSION = YES;
				GCC_WARN_ABOUT_RETURN_TYPE = YES_ERROR;
				GCC_WARN_UNDECLARED_SELECTOR = YES;
				GCC_WARN_UNINITIALIZED_AUTOS = YES_AGGRESSIVE;
				GCC_WARN_UNUSED_FUNCTION = YES;
				GCC_WARN_UNUSED_VARIABLE = YES;
				IPHONEOS_DEPLOYMENT_TARGET = 16.2;
				MTL_ENABLE_DEBUG_INFO = INCLUDE_SOURCE;
				MTL_FAST_MATH = YES;
				ONLY_ACTIVE_ARCH = YES;
				SDKROOT = iphoneos;
				SWIFT_ACTIVE_COMPILATION_CONDITIONS = DEBUG;
				SWIFT_OPTIMIZATION_LEVEL = "-Onone";
			};
			name = Debug;
		};
		E1D314BB29D62EBC006DA01A /* Release */ = {
			isa = XCBuildConfiguration;
			buildSettings = {
				ALWAYS_SEARCH_USER_PATHS = NO;
				CLANG_ANALYZER_NONNULL = YES;
				CLANG_ANALYZER_NUMBER_OBJECT_CONVERSION = YES_AGGRESSIVE;
				CLANG_CXX_LANGUAGE_STANDARD = "gnu++20";
				CLANG_ENABLE_MODULES = YES;
				CLANG_ENABLE_OBJC_ARC = YES;
				CLANG_ENABLE_OBJC_WEAK = YES;
				CLANG_WARN_BLOCK_CAPTURE_AUTORELEASING = YES;
				CLANG_WARN_BOOL_CONVERSION = YES;
				CLANG_WARN_COMMA = YES;
				CLANG_WARN_CONSTANT_CONVERSION = YES;
				CLANG_WARN_DEPRECATED_OBJC_IMPLEMENTATIONS = YES;
				CLANG_WARN_DIRECT_OBJC_ISA_USAGE = YES_ERROR;
				CLANG_WARN_DOCUMENTATION_COMMENTS = YES;
				CLANG_WARN_EMPTY_BODY = YES;
				CLANG_WARN_ENUM_CONVERSION = YES;
				CLANG_WARN_INFINITE_RECURSION = YES;
				CLANG_WARN_INT_CONVERSION = YES;
				CLANG_WARN_NON_LITERAL_NULL_CONVERSION = YES;
				CLANG_WARN_OBJC_IMPLICIT_RETAIN_SELF = YES;
				CLANG_WARN_OBJC_LITERAL_CONVERSION = YES;
				CLANG_WARN_OBJC_ROOT_CLASS = YES_ERROR;
				CLANG_WARN_QUOTED_INCLUDE_IN_FRAMEWORK_HEADER = YES;
				CLANG_WARN_RANGE_LOOP_ANALYSIS = YES;
				CLANG_WARN_STRICT_PROTOTYPES = YES;
				CLANG_WARN_SUSPICIOUS_MOVE = YES;
				CLANG_WARN_UNGUARDED_AVAILABILITY = YES_AGGRESSIVE;
				CLANG_WARN_UNREACHABLE_CODE = YES;
				CLANG_WARN__DUPLICATE_METHOD_MATCH = YES;
				COPY_PHASE_STRIP = NO;
				DEBUG_INFORMATION_FORMAT = "dwarf-with-dsym";
				ENABLE_NS_ASSERTIONS = NO;
				ENABLE_STRICT_OBJC_MSGSEND = YES;
				GCC_C_LANGUAGE_STANDARD = gnu11;
				GCC_NO_COMMON_BLOCKS = YES;
				GCC_WARN_64_TO_32_BIT_CONVERSION = YES;
				GCC_WARN_ABOUT_RETURN_TYPE = YES_ERROR;
				GCC_WARN_UNDECLARED_SELECTOR = YES;
				GCC_WARN_UNINITIALIZED_AUTOS = YES_AGGRESSIVE;
				GCC_WARN_UNUSED_FUNCTION = YES;
				GCC_WARN_UNUSED_VARIABLE = YES;
				IPHONEOS_DEPLOYMENT_TARGET = 16.2;
				MTL_ENABLE_DEBUG_INFO = NO;
				MTL_FAST_MATH = YES;
				SDKROOT = iphoneos;
				SWIFT_COMPILATION_MODE = wholemodule;
				SWIFT_OPTIMIZATION_LEVEL = "-O";
				VALIDATE_PRODUCT = YES;
			};
			name = Release;
		};
		E1D314BD29D62EBC006DA01A /* Debug */ = {
			isa = XCBuildConfiguration;
			buildSettings = {
				ASSETCATALOG_COMPILER_APPICON_NAME = AppIcon;
				ASSETCATALOG_COMPILER_GLOBAL_ACCENT_COLOR_NAME = AccentColor;
				CODE_SIGN_STYLE = Automatic;
				CURRENT_PROJECT_VERSION = 1;
				GENERATE_INFOPLIST_FILE = YES;
				INFOPLIST_FILE = WeatherApp/Info.plist;
				INFOPLIST_KEY_UIApplicationSupportsIndirectInputEvents = YES;
				INFOPLIST_KEY_UILaunchStoryboardName = LaunchScreen;
				INFOPLIST_KEY_UIMainStoryboardFile = Main;
				INFOPLIST_KEY_UISupportedInterfaceOrientations_iPad = "UIInterfaceOrientationPortrait UIInterfaceOrientationPortraitUpsideDown UIInterfaceOrientationLandscapeLeft UIInterfaceOrientationLandscapeRight";
				INFOPLIST_KEY_UISupportedInterfaceOrientations_iPhone = "UIInterfaceOrientationPortrait UIInterfaceOrientationLandscapeLeft UIInterfaceOrientationLandscapeRight";
				LD_RUNPATH_SEARCH_PATHS = (
					"$(inherited)",
					"@executable_path/Frameworks",
				);
				MARKETING_VERSION = 1.0;
				PRODUCT_BUNDLE_IDENTIFIER = com.harsha.WeatherApp;
				PRODUCT_NAME = "$(TARGET_NAME)";
				SWIFT_EMIT_LOC_STRINGS = YES;
				SWIFT_VERSION = 5.0;
				TARGETED_DEVICE_FAMILY = "1,2";
			};
			name = Debug;
		};
		E1D314BE29D62EBC006DA01A /* Release */ = {
			isa = XCBuildConfiguration;
			buildSettings = {
				ASSETCATALOG_COMPILER_APPICON_NAME = AppIcon;
				ASSETCATALOG_COMPILER_GLOBAL_ACCENT_COLOR_NAME = AccentColor;
				CODE_SIGN_STYLE = Automatic;
				CURRENT_PROJECT_VERSION = 1;
				GENERATE_INFOPLIST_FILE = YES;
				INFOPLIST_FILE = WeatherApp/Info.plist;
				INFOPLIST_KEY_UIApplicationSupportsIndirectInputEvents = YES;
				INFOPLIST_KEY_UILaunchStoryboardName = LaunchScreen;
				INFOPLIST_KEY_UIMainStoryboardFile = Main;
				INFOPLIST_KEY_UISupportedInterfaceOrientations_iPad = "UIInterfaceOrientationPortrait UIInterfaceOrientationPortraitUpsideDown UIInterfaceOrientationLandscapeLeft UIInterfaceOrientationLandscapeRight";
				INFOPLIST_KEY_UISupportedInterfaceOrientations_iPhone = "UIInterfaceOrientationPortrait UIInterfaceOrientationLandscapeLeft UIInterfaceOrientationLandscapeRight";
				LD_RUNPATH_SEARCH_PATHS = (
					"$(inherited)",
					"@executable_path/Frameworks",
				);
				MARKETING_VERSION = 1.0;
				PRODUCT_BUNDLE_IDENTIFIER = com.harsha.WeatherApp;
				PRODUCT_NAME = "$(TARGET_NAME)";
				SWIFT_EMIT_LOC_STRINGS = YES;
				SWIFT_VERSION = 5.0;
				TARGETED_DEVICE_FAMILY = "1,2";
			};
			name = Release;
		};
		E1D314C029D62EBC006DA01A /* Debug */ = {
			isa = XCBuildConfiguration;
			buildSettings = {
				ALWAYS_EMBED_SWIFT_STANDARD_LIBRARIES = YES;
				BUNDLE_LOADER = "$(TEST_HOST)";
				CODE_SIGN_STYLE = Automatic;
				CURRENT_PROJECT_VERSION = 1;
				GENERATE_INFOPLIST_FILE = YES;
				IPHONEOS_DEPLOYMENT_TARGET = 16.2;
				MARKETING_VERSION = 1.0;
				PRODUCT_BUNDLE_IDENTIFIER = com.harsha.WeatherAppTests;
				PRODUCT_NAME = "$(TARGET_NAME)";
				SWIFT_EMIT_LOC_STRINGS = NO;
				SWIFT_VERSION = 5.0;
				TARGETED_DEVICE_FAMILY = "1,2";
				TEST_HOST = "$(BUILT_PRODUCTS_DIR)/WeatherApp.app/$(BUNDLE_EXECUTABLE_FOLDER_PATH)/WeatherApp";
			};
			name = Debug;
		};
		E1D314C129D62EBC006DA01A /* Release */ = {
			isa = XCBuildConfiguration;
			buildSettings = {
				ALWAYS_EMBED_SWIFT_STANDARD_LIBRARIES = YES;
				BUNDLE_LOADER = "$(TEST_HOST)";
				CODE_SIGN_STYLE = Automatic;
				CURRENT_PROJECT_VERSION = 1;
				GENERATE_INFOPLIST_FILE = YES;
				IPHONEOS_DEPLOYMENT_TARGET = 16.2;
				MARKETING_VERSION = 1.0;
				PRODUCT_BUNDLE_IDENTIFIER = com.harsha.WeatherAppTests;
				PRODUCT_NAME = "$(TARGET_NAME)";
				SWIFT_EMIT_LOC_STRINGS = NO;
				SWIFT_VERSION = 5.0;
				TARGETED_DEVICE_FAMILY = "1,2";
				TEST_HOST = "$(BUILT_PRODUCTS_DIR)/WeatherApp.app/$(BUNDLE_EXECUTABLE_FOLDER_PATH)/WeatherApp";
			};
			name = Release;
		};
		E1D314C329D62EBC006DA01A /* Debug */ = {
			isa = XCBuildConfiguration;
			buildSettings = {
				ALWAYS_EMBED_SWIFT_STANDARD_LIBRARIES = YES;
				CODE_SIGN_STYLE = Automatic;
				CURRENT_PROJECT_VERSION = 1;
				GENERATE_INFOPLIST_FILE = YES;
				MARKETING_VERSION = 1.0;
				PRODUCT_BUNDLE_IDENTIFIER = com.harsha.WeatherAppUITests;
				PRODUCT_NAME = "$(TARGET_NAME)";
				SWIFT_EMIT_LOC_STRINGS = NO;
				SWIFT_VERSION = 5.0;
				TARGETED_DEVICE_FAMILY = "1,2";
				TEST_TARGET_NAME = WeatherApp;
			};
			name = Debug;
		};
		E1D314C429D62EBC006DA01A /* Release */ = {
			isa = XCBuildConfiguration;
			buildSettings = {
				ALWAYS_EMBED_SWIFT_STANDARD_LIBRARIES = YES;
				CODE_SIGN_STYLE = Automatic;
				CURRENT_PROJECT_VERSION = 1;
				GENERATE_INFOPLIST_FILE = YES;
				MARKETING_VERSION = 1.0;
				PRODUCT_BUNDLE_IDENTIFIER = com.harsha.WeatherAppUITests;
				PRODUCT_NAME = "$(TARGET_NAME)";
				SWIFT_EMIT_LOC_STRINGS = NO;
				SWIFT_VERSION = 5.0;
				TARGETED_DEVICE_FAMILY = "1,2";
				TEST_TARGET_NAME = WeatherApp;
			};
			name = Release;
		};
/* End XCBuildConfiguration section */

/* Begin XCConfigurationList section */
		E1D3148D29D62EBC006DA01A /* Build configuration list for PBXProject "WeatherApp" */ = {
			isa = XCConfigurationList;
			buildConfigurations = (
				E1D314BA29D62EBC006DA01A /* Debug */,
				E1D314BB29D62EBC006DA01A /* Release */,
			);
			defaultConfigurationIsVisible = 0;
			defaultConfigurationName = Release;
		};
		E1D314BC29D62EBC006DA01A /* Build configuration list for PBXNativeTarget "WeatherApp" */ = {
			isa = XCConfigurationList;
			buildConfigurations = (
				E1D314BD29D62EBC006DA01A /* Debug */,
				E1D314BE29D62EBC006DA01A /* Release */,
			);
			defaultConfigurationIsVisible = 0;
			defaultConfigurationName = Release;
		};
		E1D314BF29D62EBC006DA01A /* Build configuration list for PBXNativeTarget "WeatherAppTests" */ = {
			isa = XCConfigurationList;
			buildConfigurations = (
				E1D314C029D62EBC006DA01A /* Debug */,
				E1D314C129D62EBC006DA01A /* Release */,
			);
			defaultConfigurationIsVisible = 0;
			defaultConfigurationName = Release;
		};
		E1D314C229D62EBC006DA01A /* Build configuration list for PBXNativeTarget "WeatherAppUITests" */ = {
			isa = XCConfigurationList;
			buildConfigurations = (
				E1D314C329D62EBC006DA01A /* Debug */,
				E1D314C429D62EBC006DA01A /* Release */,
			);
			defaultConfigurationIsVisible = 0;
			defaultConfigurationName = Release;
		};
/* End XCConfigurationList section */

/* Begin XCRemoteSwiftPackageReference section */
		E1D314E029DE4175006DA01A /* XCRemoteSwiftPackageReference "SDWebImage" */ = {
			isa = XCRemoteSwiftPackageReference;
			repositoryURL = "https://github.com/SDWebImage/SDWebImage.git";
			requirement = {
				kind = upToNextMajorVersion;
				minimumVersion = 5.0.0;
			};
		};
/* End XCRemoteSwiftPackageReference section */

/* Begin XCSwiftPackageProductDependency section */
		E1819F5529DF8DD6001177C5 /* SDWebImage */ = {
			isa = XCSwiftPackageProductDependency;
			package = E1D314E029DE4175006DA01A /* XCRemoteSwiftPackageReference "SDWebImage" */;
			productName = SDWebImage;
		};
		E1D314E129DE4175006DA01A /* SDWebImage */ = {
			isa = XCSwiftPackageProductDependency;
			package = E1D314E029DE4175006DA01A /* XCRemoteSwiftPackageReference "SDWebImage" */;
			productName = SDWebImage;
		};
/* End XCSwiftPackageProductDependency section */
	};
	rootObject = E1D3148A29D62EBC006DA01A /* Project object */;
}
